
Microsoft Visual Studio Solution File, Format Version 12.00
# Visual Studio Version 16
VisualStudioVersion = 16.0.33328.57
MinimumVisualStudioVersion = 10.0.40219.1
Project("{8BC9CEB8-8B4A-11D0-8D11-00A0C91BC942}") = "WP_P5_1_Background", "WP_P5_1_Background\WP_P5_1_Background.vcxproj", "{BC97CF5B-BEF3-47C2-A3EA-A372CF8AE761}"
EndProject
Project("{8BC9CEB8-8B4A-11D0-8D11-00A0C91BC942}") = "WP_P5_3_Lens", "WP_P5_3_Lens\WP_P5_3_Lens.vcxproj", "{92AB73B4-F212-4679-B38B-8FF7D68631CC}"
EndProject
Project("{8BC9CEB8-8B4A-11D0-8D11-00A0C91BC942}") = "WP_P5_2_Puzzle", "WP_P5_2_Puzzle\WP_P5_2_Puzzle.vcxproj", "{D7D22ACD-206C-49A0-B0B6-A7772619AE68}"
EndProject
Project("{8BC9CEB8-8B4A-11D0-8D11-00A0C91BC942}") = "WP_P5_4_MouseAnimations", "WP_P5_4_MouseAnimations\WP_P5_4_MouseAnimations.vcxproj", "{0762DA77-EF37-4B50-BD8F-DB20013BF661}"
EndProject
Project("{8BC9CEB8-8B4A-11D0-8D11-00A0C91BC942}") = "Temp", "Temp\Temp.vcxproj", "{49D6AC6C-B4CD-425A-9FC2-F95DCC1BF929}"
EndProject
Project("{8BC9CEB8-8B4A-11D0-8D11-00A0C91BC942}") = "WP_P5_5_LockUp", "WP_P5_5_LockUp\WP_P5_5_LockUp.vcxproj", "{34D80C49-6F7C-4EA7-A34A-9782E7D88150}"
EndProject
Project("{8BC9CEB8-8B4A-11D0-8D11-00A0C91BC942}") = "WP_P5_6_Shoting", "WP_P5_6_Shoting\WP_P5_6_Shoting.vcxproj", "{4825083F-042E-4A3A-A9C6-D3A3AC9FF0CE}"
EndProject
Global
	GlobalSection(SolutionConfigurationPlatforms) = preSolution
		Debug|x64 = Debug|x64
		Debug|x86 = Debug|x86
		Release|x64 = Release|x64
		Release|x86 = Release|x86
	EndGlobalSection
	GlobalSection(ProjectConfigurationPlatforms) = postSolution
		{BC97CF5B-BEF3-47C2-A3EA-A372CF8AE761}.Debug|x64.ActiveCfg = Debug|x64
		{BC97CF5B-BEF3-47C2-A3EA-A372CF8AE761}.Debug|x64.Build.0 = Debug|x64
		{BC97CF5B-BEF3-47C2-A3EA-A372CF8AE761}.Debug|x86.ActiveCfg = Debug|Win32
		{BC97CF5B-BEF3-47C2-A3EA-A372CF8AE761}.Debug|x86.Build.0 = Debug|Win32
		{BC97CF5B-BEF3-47C2-A3EA-A372CF8AE761}.Release|x64.ActiveCfg = Release|x64
		{BC97CF5B-BEF3-47C2-A3EA-A372CF8AE761}.Release|x64.Build.0 = Release|x64
		{BC97CF5B-BEF3-47C2-A3EA-A372CF8AE761}.Release|x86.ActiveCfg = Release|Win32
		{BC97CF5B-BEF3-47C2-A3EA-A372CF8AE761}.Release|x86.Build.0 = Release|Win32
		{92AB73B4-F212-4679-B38B-8FF7D68631CC}.Debug|x64.ActiveCfg = Debug|x64
		{92AB73B4-F212-4679-B38B-8FF7D68631CC}.Debug|x64.Build.0 = Debug|x64
		{92AB73B4-F212-4679-B38B-8FF7D68631CC}.Debug|x86.ActiveCfg = Debug|Win32
		{92AB73B4-F212-4679-B38B-8FF7D68631CC}.Debug|x86.Build.0 = Debug|Win32
		{92AB73B4-F212-4679-B38B-8FF7D68631CC}.Release|x64.ActiveCfg = Release|x64
		{92AB73B4-F212-4679-B38B-8FF7D68631CC}.Release|x64.Build.0 = Release|x64
		{92AB73B4-F212-4679-B38B-8FF7D68631CC}.Release|x86.ActiveCfg = Release|Win32
		{92AB73B4-F212-4679-B38B-8FF7D68631CC}.Release|x86.Build.0 = Release|Win32
		{D7D22ACD-206C-49A0-B0B6-A7772619AE68}.Debug|x64.ActiveCfg = Debug|x64
		{D7D22ACD-206C-49A0-B0B6-A7772619AE68}.Debug|x64.Build.0 = Debug|x64
		{D7D22ACD-206C-49A0-B0B6-A7772619AE68}.Debug|x86.ActiveCfg = Debug|Win32
		{D7D22ACD-206C-49A0-B0B6-A7772619AE68}.Debug|x86.Build.0 = Debug|Win32
		{D7D22ACD-206C-49A0-B0B6-A7772619AE68}.Release|x64.ActiveCfg = Release|x64
		{D7D22ACD-206C-49A0-B0B6-A7772619AE68}.Release|x64.Build.0 = Release|x64
		{D7D22ACD-206C-49A0-B0B6-A7772619AE68}.Release|x86.ActiveCfg = Release|Win32
		{D7D22ACD-206C-49A0-B0B6-A7772619AE68}.Release|x86.Build.0 = Release|Win32
		{0762DA77-EF37-4B50-BD8F-DB20013BF661}.Debug|x64.ActiveCfg = Debug|x64
		{0762DA77-EF37-4B50-BD8F-DB20013BF661}.Debug|x64.Build.0 = Debug|x64
		{0762DA77-EF37-4B50-BD8F-DB20013BF661}.Debug|x86.ActiveCfg = Debug|Win32
		{0762DA77-EF37-4B50-BD8F-DB20013BF661}.Debug|x86.Build.0 = Debug|Win32
		{0762DA77-EF37-4B50-BD8F-DB20013BF661}.Release|x64.ActiveCfg = Release|x64
		{0762DA77-EF37-4B50-BD8F-DB20013BF661}.Release|x64.Build.0 = Release|x64
		{0762DA77-EF37-4B50-BD8F-DB20013BF661}.Release|x86.ActiveCfg = Release|Win32
		{0762DA77-EF37-4B50-BD8F-DB20013BF661}.Release|x86.Build.0 = Release|Win32
		{49D6AC6C-B4CD-425A-9FC2-F95DCC1BF929}.Debug|x64.ActiveCfg = Debug|x64
		{49D6AC6C-B4CD-425A-9FC2-F95DCC1BF929}.Debug|x64.Build.0 = Debug|x64
		{49D6AC6C-B4CD-425A-9FC2-F95DCC1BF929}.Debug|x86.ActiveCfg = Debug|Win32
		{49D6AC6C-B4CD-425A-9FC2-F95DCC1BF929}.Debug|x86.Build.0 = Debug|Win32
		{49D6AC6C-B4CD-425A-9FC2-F95DCC1BF929}.Release|x64.ActiveCfg = Release|x64
		{49D6AC6C-B4CD-425A-9FC2-F95DCC1BF929}.Release|x64.Build.0 = Release|x64
		{49D6AC6C-B4CD-425A-9FC2-F95DCC1BF929}.Release|x86.ActiveCfg = Release|Win32
		{49D6AC6C-B4CD-425A-9FC2-F95DCC1BF929}.Release|x86.Build.0 = Release|Win32
		{34D80C49-6F7C-4EA7-A34A-9782E7D88150}.Debug|x64.ActiveCfg = Debug|x64
		{34D80C49-6F7C-4EA7-A34A-9782E7D88150}.Debug|x64.Build.0 = Debug|x64
		{34D80C49-6F7C-4EA7-A34A-9782E7D88150}.Debug|x86.ActiveCfg = Debug|Win32
		{34D80C49-6F7C-4EA7-A34A-9782E7D88150}.Debug|x86.Build.0 = Debug|Win32
		{34D80C49-6F7C-4EA7-A34A-9782E7D88150}.Release|x64.ActiveCfg = Release|x64
		{34D80C49-6F7C-4EA7-A34A-9782E7D88150}.Release|x64.Build.0 = Release|x64
		{34D80C49-6F7C-4EA7-A34A-9782E7D88150}.Release|x86.ActiveCfg = Release|Win32
		{34D80C49-6F7C-4EA7-A34A-9782E7D88150}.Release|x86.Build.0 = Release|Win32
		{4825083F-042E-4A3A-A9C6-D3A3AC9FF0CE}.Debug|x64.ActiveCfg = Debug|x64
		{4825083F-042E-4A3A-A9C6-D3A3AC9FF0CE}.Debug|x64.Build.0 = Debug|x64
		{4825083F-042E-4A3A-A9C6-D3A3AC9FF0CE}.Debug|x86.ActiveCfg = Debug|Win32
		{4825083F-042E-4A3A-A9C6-D3A3AC9FF0CE}.Debug|x86.Build.0 = Debug|Win32
		{4825083F-042E-4A3A-A9C6-D3A3AC9FF0CE}.Release|x64.ActiveCfg = Release|x64
		{4825083F-042E-4A3A-A9C6-D3A3AC9FF0CE}.Release|x64.Build.0 = Release|x64
		{4825083F-042E-4A3A-A9C6-D3A3AC9FF0CE}.Release|x86.ActiveCfg = Release|Win32
		{4825083F-042E-4A3A-A9C6-D3A3AC9FF0CE}.Release|x86.Build.0 = Release|Win32
	EndGlobalSection
	GlobalSection(SolutionProperties) = preSolution
		HideSolutionNode = FALSE
	EndGlobalSection
	GlobalSection(ExtensibilityGlobals) = postSolution
		SolutionGuid = {7F5727DB-A601-4707-8C3D-63155C2FDFB1}
	EndGlobalSection
EndGlobal
