
Microsoft Visual Studio Solution File, Format Version 12.00
# Visual Studio Version 16
VisualStudioVersion = 16.0.33328.57
MinimumVisualStudioVersion = 10.0.40219.1
Project("{8BC9CEB8-8B4A-11D0-8D11-00A0C91BC942}") = "P2_6_Notepad", "P2_6_Notepad\P2_6_Notepad.vcxproj", "{16802F71-754D-459B-BAB3-A37DB348B350}"
EndProject
Project("{8BC9CEB8-8B4A-11D0-8D11-00A0C91BC942}") = "WP_BasicInput_P2_0327", "P2_5_BasicInput\WP_BasicInput_P2_0327.vcxproj", "{B260468C-7CEC-4945-9263-7C6C1D67A453}"
EndProject
Project("{8BC9CEB8-8B4A-11D0-8D11-00A0C91BC942}") = "P2_66_DrawPicture", "P2_66_DrawPicture\P2_66_DrawPicture.vcxproj", "{685CEBD0-8D92-400F-8B39-C445C89EC019}"
EndProject
Project("{8BC9CEB8-8B4A-11D0-8D11-00A0C91BC942}") = "Test", "Test\Test.vcxproj", "{BF807D39-CA8A-4C5C-BE56-CC4928C23770}"
EndProject
Project("{8BC9CEB8-8B4A-11D0-8D11-00A0C91BC942}") = "P2_7_AddNotepad", "P2_7_AddNotepad\P2_7_AddNotepad.vcxproj", "{447B52A5-B7E1-4F8C-A67E-EF0A1D23C140}"
EndProject
Global
	GlobalSection(SolutionConfigurationPlatforms) = preSolution
		Debug|x64 = Debug|x64
		Debug|x86 = Debug|x86
		Release|x64 = Release|x64
		Release|x86 = Release|x86
	EndGlobalSection
	GlobalSection(ProjectConfigurationPlatforms) = postSolution
		{16802F71-754D-459B-BAB3-A37DB348B350}.Debug|x64.ActiveCfg = Debug|x64
		{16802F71-754D-459B-BAB3-A37DB348B350}.Debug|x64.Build.0 = Debug|x64
		{16802F71-754D-459B-BAB3-A37DB348B350}.Debug|x86.ActiveCfg = Debug|Win32
		{16802F71-754D-459B-BAB3-A37DB348B350}.Debug|x86.Build.0 = Debug|Win32
		{16802F71-754D-459B-BAB3-A37DB348B350}.Release|x64.ActiveCfg = Release|x64
		{16802F71-754D-459B-BAB3-A37DB348B350}.Release|x64.Build.0 = Release|x64
		{16802F71-754D-459B-BAB3-A37DB348B350}.Release|x86.ActiveCfg = Release|Win32
		{16802F71-754D-459B-BAB3-A37DB348B350}.Release|x86.Build.0 = Release|Win32
		{B260468C-7CEC-4945-9263-7C6C1D67A453}.Debug|x64.ActiveCfg = Debug|x64
		{B260468C-7CEC-4945-9263-7C6C1D67A453}.Debug|x64.Build.0 = Debug|x64
		{B260468C-7CEC-4945-9263-7C6C1D67A453}.Debug|x86.ActiveCfg = Debug|Win32
		{B260468C-7CEC-4945-9263-7C6C1D67A453}.Debug|x86.Build.0 = Debug|Win32
		{B260468C-7CEC-4945-9263-7C6C1D67A453}.Release|x64.ActiveCfg = Release|x64
		{B260468C-7CEC-4945-9263-7C6C1D67A453}.Release|x64.Build.0 = Release|x64
		{B260468C-7CEC-4945-9263-7C6C1D67A453}.Release|x86.ActiveCfg = Release|Win32
		{B260468C-7CEC-4945-9263-7C6C1D67A453}.Release|x86.Build.0 = Release|Win32
		{685CEBD0-8D92-400F-8B39-C445C89EC019}.Debug|x64.ActiveCfg = Debug|x64
		{685CEBD0-8D92-400F-8B39-C445C89EC019}.Debug|x64.Build.0 = Debug|x64
		{685CEBD0-8D92-400F-8B39-C445C89EC019}.Debug|x86.ActiveCfg = Debug|Win32
		{685CEBD0-8D92-400F-8B39-C445C89EC019}.Debug|x86.Build.0 = Debug|Win32
		{685CEBD0-8D92-400F-8B39-C445C89EC019}.Release|x64.ActiveCfg = Release|x64
		{685CEBD0-8D92-400F-8B39-C445C89EC019}.Release|x64.Build.0 = Release|x64
		{685CEBD0-8D92-400F-8B39-C445C89EC019}.Release|x86.ActiveCfg = Release|Win32
		{685CEBD0-8D92-400F-8B39-C445C89EC019}.Release|x86.Build.0 = Release|Win32
		{BF807D39-CA8A-4C5C-BE56-CC4928C23770}.Debug|x64.ActiveCfg = Debug|x64
		{BF807D39-CA8A-4C5C-BE56-CC4928C23770}.Debug|x64.Build.0 = Debug|x64
		{BF807D39-CA8A-4C5C-BE56-CC4928C23770}.Debug|x86.ActiveCfg = Debug|Win32
		{BF807D39-CA8A-4C5C-BE56-CC4928C23770}.Debug|x86.Build.0 = Debug|Win32
		{BF807D39-CA8A-4C5C-BE56-CC4928C23770}.Release|x64.ActiveCfg = Release|x64
		{BF807D39-CA8A-4C5C-BE56-CC4928C23770}.Release|x64.Build.0 = Release|x64
		{BF807D39-CA8A-4C5C-BE56-CC4928C23770}.Release|x86.ActiveCfg = Release|Win32
		{BF807D39-CA8A-4C5C-BE56-CC4928C23770}.Release|x86.Build.0 = Release|Win32
		{447B52A5-B7E1-4F8C-A67E-EF0A1D23C140}.Debug|x64.ActiveCfg = Debug|x64
		{447B52A5-B7E1-4F8C-A67E-EF0A1D23C140}.Debug|x64.Build.0 = Debug|x64
		{447B52A5-B7E1-4F8C-A67E-EF0A1D23C140}.Debug|x86.ActiveCfg = Debug|Win32
		{447B52A5-B7E1-4F8C-A67E-EF0A1D23C140}.Debug|x86.Build.0 = Debug|Win32
		{447B52A5-B7E1-4F8C-A67E-EF0A1D23C140}.Release|x64.ActiveCfg = Release|x64
		{447B52A5-B7E1-4F8C-A67E-EF0A1D23C140}.Release|x64.Build.0 = Release|x64
		{447B52A5-B7E1-4F8C-A67E-EF0A1D23C140}.Release|x86.ActiveCfg = Release|Win32
		{447B52A5-B7E1-4F8C-A67E-EF0A1D23C140}.Release|x86.Build.0 = Release|Win32
	EndGlobalSection
	GlobalSection(SolutionProperties) = preSolution
		HideSolutionNode = FALSE
	EndGlobalSection
	GlobalSection(ExtensibilityGlobals) = postSolution
		SolutionGuid = {C1D055C9-60A2-4322-A264-D0A87405B77F}
	EndGlobalSection
EndGlobal
