
Microsoft Visual Studio Solution File, Format Version 12.00
# Visual Studio Version 16
VisualStudioVersion = 16.0.33328.57
MinimumVisualStudioVersion = 10.0.40219.1
Project("{8BC9CEB8-8B4A-11D0-8D11-00A0C91BC942}") = "WP_FirstStep_P1_0320", "WP_FirstStep_P1_0320\WP_FirstStep_P1_0320.vcxproj", "{AB5E1B46-2E4F-4B29-B9A1-EC66A80F07C9}"
EndProject
Project("{8BC9CEB8-8B4A-11D0-8D11-00A0C91BC942}") = "Windows2", "Windows2\Windows2.vcxproj", "{52ED9FC3-EECD-44DB-A3E5-28B1D8F55E19}"
EndProject
Project("{8BC9CEB8-8B4A-11D0-8D11-00A0C91BC942}") = "WP_P2_1_PrintText", "WP_P2_1_PrintText\WP_P2_1_PrintText.vcxproj", "{B9B1DDFC-6471-43BF-B31F-29D14165B918}"
EndProject
Project("{8BC9CEB8-8B4A-11D0-8D11-00A0C91BC942}") = "WP_P2_2_DivisionScreen", "WP_P2_2_DivisionScreen\WP_P2_2_DivisionScreen.vcxproj", "{BEFE12A4-7395-4997-87EB-422B99DC3E33}"
EndProject
Global
	GlobalSection(SolutionConfigurationPlatforms) = preSolution
		Debug|x64 = Debug|x64
		Debug|x86 = Debug|x86
		Release|x64 = Release|x64
		Release|x86 = Release|x86
	EndGlobalSection
	GlobalSection(ProjectConfigurationPlatforms) = postSolution
		{AB5E1B46-2E4F-4B29-B9A1-EC66A80F07C9}.Debug|x64.ActiveCfg = Debug|x64
		{AB5E1B46-2E4F-4B29-B9A1-EC66A80F07C9}.Debug|x64.Build.0 = Debug|x64
		{AB5E1B46-2E4F-4B29-B9A1-EC66A80F07C9}.Debug|x86.ActiveCfg = Debug|Win32
		{AB5E1B46-2E4F-4B29-B9A1-EC66A80F07C9}.Debug|x86.Build.0 = Debug|Win32
		{AB5E1B46-2E4F-4B29-B9A1-EC66A80F07C9}.Release|x64.ActiveCfg = Release|x64
		{AB5E1B46-2E4F-4B29-B9A1-EC66A80F07C9}.Release|x64.Build.0 = Release|x64
		{AB5E1B46-2E4F-4B29-B9A1-EC66A80F07C9}.Release|x86.ActiveCfg = Release|Win32
		{AB5E1B46-2E4F-4B29-B9A1-EC66A80F07C9}.Release|x86.Build.0 = Release|Win32
		{52ED9FC3-EECD-44DB-A3E5-28B1D8F55E19}.Debug|x64.ActiveCfg = Debug|x64
		{52ED9FC3-EECD-44DB-A3E5-28B1D8F55E19}.Debug|x64.Build.0 = Debug|x64
		{52ED9FC3-EECD-44DB-A3E5-28B1D8F55E19}.Debug|x86.ActiveCfg = Debug|Win32
		{52ED9FC3-EECD-44DB-A3E5-28B1D8F55E19}.Debug|x86.Build.0 = Debug|Win32
		{52ED9FC3-EECD-44DB-A3E5-28B1D8F55E19}.Release|x64.ActiveCfg = Release|x64
		{52ED9FC3-EECD-44DB-A3E5-28B1D8F55E19}.Release|x64.Build.0 = Release|x64
		{52ED9FC3-EECD-44DB-A3E5-28B1D8F55E19}.Release|x86.ActiveCfg = Release|Win32
		{52ED9FC3-EECD-44DB-A3E5-28B1D8F55E19}.Release|x86.Build.0 = Release|Win32
		{B9B1DDFC-6471-43BF-B31F-29D14165B918}.Debug|x64.ActiveCfg = Debug|x64
		{B9B1DDFC-6471-43BF-B31F-29D14165B918}.Debug|x64.Build.0 = Debug|x64
		{B9B1DDFC-6471-43BF-B31F-29D14165B918}.Debug|x86.ActiveCfg = Debug|Win32
		{B9B1DDFC-6471-43BF-B31F-29D14165B918}.Debug|x86.Build.0 = Debug|Win32
		{B9B1DDFC-6471-43BF-B31F-29D14165B918}.Release|x64.ActiveCfg = Release|x64
		{B9B1DDFC-6471-43BF-B31F-29D14165B918}.Release|x64.Build.0 = Release|x64
		{B9B1DDFC-6471-43BF-B31F-29D14165B918}.Release|x86.ActiveCfg = Release|Win32
		{B9B1DDFC-6471-43BF-B31F-29D14165B918}.Release|x86.Build.0 = Release|Win32
		{BEFE12A4-7395-4997-87EB-422B99DC3E33}.Debug|x64.ActiveCfg = Debug|x64
		{BEFE12A4-7395-4997-87EB-422B99DC3E33}.Debug|x64.Build.0 = Debug|x64
		{BEFE12A4-7395-4997-87EB-422B99DC3E33}.Debug|x86.ActiveCfg = Debug|Win32
		{BEFE12A4-7395-4997-87EB-422B99DC3E33}.Debug|x86.Build.0 = Debug|Win32
		{BEFE12A4-7395-4997-87EB-422B99DC3E33}.Release|x64.ActiveCfg = Release|x64
		{BEFE12A4-7395-4997-87EB-422B99DC3E33}.Release|x64.Build.0 = Release|x64
		{BEFE12A4-7395-4997-87EB-422B99DC3E33}.Release|x86.ActiveCfg = Release|Win32
		{BEFE12A4-7395-4997-87EB-422B99DC3E33}.Release|x86.Build.0 = Release|Win32
	EndGlobalSection
	GlobalSection(SolutionProperties) = preSolution
		HideSolutionNode = FALSE
	EndGlobalSection
	GlobalSection(ExtensibilityGlobals) = postSolution
		SolutionGuid = {E04A9BDD-724C-4ED9-96D8-F29D2E71C09B}
	EndGlobalSection
EndGlobal
